
Microsoft Visual Studio Solution File, Format Version 12.00
# Visual Studio Version 17
VisualStudioVersion = 17.5.33530.505
MinimumVisualStudioVersion = 10.0.40219.1
Project("{FAE04EC0-301F-11D3-BF4B-00C04F79EFBC}") = "module 4 exercise", "module 4 exercise\module 4 exercise.csproj", "{2A7C72C0-F057-4D85-8CF4-467D50B68589}"
EndProject
Global
	GlobalSection(SolutionConfigurationPlatforms) = preSolution
		Debug|Any CPU = Debug|Any CPU
		Release|Any CPU = Release|Any CPU
	EndGlobalSection
	GlobalSection(ProjectConfigurationPlatforms) = postSolution
		{2A7C72C0-F057-4D85-8CF4-467D50B68589}.Debug|Any CPU.ActiveCfg = Debug|Any CPU
		{2A7C72C0-F057-4D85-8CF4-467D50B68589}.Debug|Any CPU.Build.0 = Debug|Any CPU
		{2A7C72C0-F057-4D85-8CF4-467D50B68589}.Release|Any CPU.ActiveCfg = Release|Any CPU
		{2A7C72C0-F057-4D85-8CF4-467D50B68589}.Release|Any CPU.Build.0 = Release|Any CPU
	EndGlobalSection
	GlobalSection(SolutionProperties) = preSolution
		HideSolutionNode = FALSE
	EndGlobalSection
	GlobalSection(ExtensibilityGlobals) = postSolution
		SolutionGuid = {188A3685-8B99-4720-B49B-67B0E5E68B0A}
	EndGlobalSection
EndGlobal
